{
  "name": "jsconsoleapp",
  "version": "1.1.1",
  "lockfileVersion": 3,
  "requires": true,
  "packages": {
    "": {
      "name": "jsconsoleapp",
      "version": "1.1.1",
      "license": "ISC",
      "dependencies": {
        "jsconsoleapp": "^1.1.1"
      }
    },
    "node_modules/jsconsoleapp": {
      "version": "1.1.1",
      "resolved": "https://registry.npmjs.org/jsconsoleapp/-/jsconsoleapp-1.1.1.tgz",
      "integrity": "sha512-ebLf1C3AGxwbVRv5FDJ3HXbNW33vXDhX2SC3WUx69qsVqt7xIK4LXtTC8QO/NaMmzggbwtX/OIEJHne+MJQ1QQ==",
      "license": "ISC"
    }
  }
}
